{
  "nodes": {
    "easy-purescript-nix": {
      "flake": false,
      "locked": {
        "lastModified": 1689933391,
        "narHash": "sha256-jUuy2OzmxegEn0KT3u1uf87eGGA33+of9HodIqS3PLY=",
        "owner": "justinwoo",
        "repo": "easy-purescript-nix",
        "rev": "5dcea83eecb56241ed72e3631d47e87bb11e45b9",
        "type": "github"
      },
      "original": {
        "owner": "justinwoo",
        "repo": "easy-purescript-nix",
        "type": "github"
      }
    },
    "flake-compat": {
      "flake": false,
      "locked": {
        "lastModified": 1673956053,
        "narHash": "sha256-4gtG9iQuiKITOjNQQeQIpoIB6b16fm+504Ch3sNKLd8=",
        "owner": "edolstra",
        "repo": "flake-compat",
        "rev": "35bb57c0c8d8b62bbfd284272c928ceb64ddbde9",
        "type": "github"
      },
      "original": {
        "owner": "edolstra",
        "repo": "flake-compat",
        "type": "github"
      }
    },
    "nixpkgs": {
      "locked": {
        "lastModified": 1692870861,
        "narHash": "sha256-xuK7wIDkYrSRrG3C5fVZFmmo7g20L/weJKpVkiid9sE=",
        "owner": "nixos",
        "repo": "nixpkgs",
        "rev": "9ab379753f6a7b781e025783ab77dabfb5706368",
        "type": "github"
      },
      "original": {
        "owner": "nixos",
        "ref": "master",
        "repo": "nixpkgs",
        "type": "github"
      }
    },
    "root": {
      "inputs": {
        "easy-purescript-nix": "easy-purescript-nix",
        "flake-compat": "flake-compat",
        "nixpkgs": "nixpkgs"
      }
    }
  },
  "root": "root",
  "version": 7
}
